{
  "originHash" : "b4bb35fd2dfba879978b7b99b614dc41fd338523d225a87bace3d7aaf556bac6",
  "pins" : [
    {
      "identity" : "ilspatial",
      "kind" : "remoteSourceControl",
      "location" : "https://github.com/ratafani/ILSpatial.git",
      "state" : {
        "branch" : "main",
        "revision" : "e66800e590da38af0ec4f294d1dc7bf630295dde"
      }
    }
  ],
  "version" : 3
}
